
Microsoft Visual Studio Solution File, Format Version 12.00
# Visual Studio Version 17
VisualStudioVersion = 17.5.33530.505
MinimumVisualStudioVersion = 10.0.40219.1
Project("{FAE04EC0-301F-11D3-BF4B-00C04F79EFBC}") = "Text Editor", "Text Editor\Text Editor.csproj", "{CA9D5806-F07E-4856-8495-DF3CB3E9D1F2}"
EndProject
Global
	GlobalSection(SolutionConfigurationPlatforms) = preSolution
		Debug|Any CPU = Debug|Any CPU
		Release|Any CPU = Release|Any CPU
	EndGlobalSection
	GlobalSection(ProjectConfigurationPlatforms) = postSolution
		{CA9D5806-F07E-4856-8495-DF3CB3E9D1F2}.Debug|Any CPU.ActiveCfg = Debug|Any CPU
		{CA9D5806-F07E-4856-8495-DF3CB3E9D1F2}.Debug|Any CPU.Build.0 = Debug|Any CPU
		{CA9D5806-F07E-4856-8495-DF3CB3E9D1F2}.Release|Any CPU.ActiveCfg = Release|Any CPU
		{CA9D5806-F07E-4856-8495-DF3CB3E9D1F2}.Release|Any CPU.Build.0 = Release|Any CPU
	EndGlobalSection
	GlobalSection(SolutionProperties) = preSolution
		HideSolutionNode = FALSE
	EndGlobalSection
	GlobalSection(ExtensibilityGlobals) = postSolution
		SolutionGuid = {BE50104C-EDFF-486C-A978-282B12B602F0}
	EndGlobalSection
EndGlobal
